
Microsoft Visual Studio Solution File, Format Version 12.00
# Visual Studio Version 17
VisualStudioVersion = 17.0.31903.59
MinimumVisualStudioVersion = 10.0.40219.1
Project("{FAE04EC0-301F-11D3-BF4B-00C04F79EFBC}") = "Fleet", "Fleet\Fleet.csproj", "{5B418799-A068-4174-B749-CBBC2C25C8DF}"
EndProject
Global
	GlobalSection(SolutionConfigurationPlatforms) = preSolution
		Debug|Any CPU = Debug|Any CPU
		Release|Any CPU = Release|Any CPU
	EndGlobalSection
	GlobalSection(ProjectConfigurationPlatforms) = postSolution
		{5B418799-A068-4174-B749-CBBC2C25C8DF}.Debug|Any CPU.ActiveCfg = Debug|Any CPU
		{5B418799-A068-4174-B749-CBBC2C25C8DF}.Debug|Any CPU.Build.0 = Debug|Any CPU
		{5B418799-A068-4174-B749-CBBC2C25C8DF}.Release|Any CPU.ActiveCfg = Release|Any CPU
		{5B418799-A068-4174-B749-CBBC2C25C8DF}.Release|Any CPU.Build.0 = Release|Any CPU
	EndGlobalSection
	GlobalSection(SolutionProperties) = preSolution
		HideSolutionNode = FALSE
	EndGlobalSection
	GlobalSection(ExtensibilityGlobals) = postSolution
		SolutionGuid = {5BABFAEC-1A60-4BDF-A3E5-5B4F0223DDD7}
	EndGlobalSection
EndGlobal
